
Microsoft Visual Studio Solution File, Format Version 12.00
# Visual Studio Version 17
VisualStudioVersion = 17.12.35506.116
MinimumVisualStudioVersion = 10.0.40219.1
Project("{FAE04EC0-301F-11D3-BF4B-00C04F79EFBC}") = "ExchangeRates.Server", "ExchangeRates.Server\ExchangeRates.Server.csproj", "{F9B2E0FC-62F7-4AF2-8943-E1F3234BED51}"
EndProject
Project("{FAE04EC0-301F-11D3-BF4B-00C04F79EFBC}") = "ExchangeRates.AppHost", "ExchangeRates.AppHost\ExchangeRates.AppHost.csproj", "{19A76FAF-51BE-42E6-8781-9EA77B46DD55}"
EndProject
Project("{FAE04EC0-301F-11D3-BF4B-00C04F79EFBC}") = "ExchangeRates.ServiceDefaults", "ExchangeRates.ServiceDefaults\ExchangeRates.ServiceDefaults.csproj", "{C5F0A5BC-E867-44BB-AFD9-2DED0C8C3C5C}"
EndProject
Project("{54A90642-561A-4BB1-A94E-469ADEE60C69}") = "exchangerates.client", "exchangerates.client\exchangerates.client.esproj", "{D0151E3E-9C5D-460E-9F68-8D5A9104EB32}"
EndProject
Project("{FAE04EC0-301F-11D3-BF4B-00C04F79EFBC}") = "ExchangeRates.IntegrationTests", "ExchangeRates.IntegrationTests\ExchangeRates.IntegrationTests.csproj", "{C58DF6D2-72D9-4D6B-B8CD-6EE02127CC22}"
EndProject
Project("{FAE04EC0-301F-11D3-BF4B-00C04F79EFBC}") = "ExchangeRates.Server.Tests", "ExchangeRates.Server.Tests\ExchangeRates.Server.Tests.csproj", "{50F21DFC-2CD0-4F3E-B2B5-A7FDFE6AF215}"
EndProject
Project("{2150E333-8FDC-42A3-9474-1A3956D46DE8}") = "Solution Items", "Solution Items", "{AC20164F-29FE-4409-9F2C-31EB9E462D51}"
	ProjectSection(SolutionItems) = preProject
		global.json = global.json
	EndProjectSection
EndProject
Global
	GlobalSection(SolutionConfigurationPlatforms) = preSolution
		Debug|Any CPU = Debug|Any CPU
		Release|Any CPU = Release|Any CPU
	EndGlobalSection
	GlobalSection(ProjectConfigurationPlatforms) = postSolution
		{F9B2E0FC-62F7-4AF2-8943-E1F3234BED51}.Debug|Any CPU.ActiveCfg = Debug|Any CPU
		{F9B2E0FC-62F7-4AF2-8943-E1F3234BED51}.Debug|Any CPU.Build.0 = Debug|Any CPU
		{F9B2E0FC-62F7-4AF2-8943-E1F3234BED51}.Release|Any CPU.ActiveCfg = Release|Any CPU
		{F9B2E0FC-62F7-4AF2-8943-E1F3234BED51}.Release|Any CPU.Build.0 = Release|Any CPU
		{19A76FAF-51BE-42E6-8781-9EA77B46DD55}.Debug|Any CPU.ActiveCfg = Debug|Any CPU
		{19A76FAF-51BE-42E6-8781-9EA77B46DD55}.Debug|Any CPU.Build.0 = Debug|Any CPU
		{19A76FAF-51BE-42E6-8781-9EA77B46DD55}.Release|Any CPU.ActiveCfg = Release|Any CPU
		{19A76FAF-51BE-42E6-8781-9EA77B46DD55}.Release|Any CPU.Build.0 = Release|Any CPU
		{C5F0A5BC-E867-44BB-AFD9-2DED0C8C3C5C}.Debug|Any CPU.ActiveCfg = Debug|Any CPU
		{C5F0A5BC-E867-44BB-AFD9-2DED0C8C3C5C}.Debug|Any CPU.Build.0 = Debug|Any CPU
		{C5F0A5BC-E867-44BB-AFD9-2DED0C8C3C5C}.Release|Any CPU.ActiveCfg = Release|Any CPU
		{C5F0A5BC-E867-44BB-AFD9-2DED0C8C3C5C}.Release|Any CPU.Build.0 = Release|Any CPU
		{D0151E3E-9C5D-460E-9F68-8D5A9104EB32}.Debug|Any CPU.ActiveCfg = Debug|Any CPU
		{D0151E3E-9C5D-460E-9F68-8D5A9104EB32}.Debug|Any CPU.Build.0 = Debug|Any CPU
		{D0151E3E-9C5D-460E-9F68-8D5A9104EB32}.Debug|Any CPU.Deploy.0 = Debug|Any CPU
		{D0151E3E-9C5D-460E-9F68-8D5A9104EB32}.Release|Any CPU.ActiveCfg = Release|Any CPU
		{D0151E3E-9C5D-460E-9F68-8D5A9104EB32}.Release|Any CPU.Build.0 = Release|Any CPU
		{D0151E3E-9C5D-460E-9F68-8D5A9104EB32}.Release|Any CPU.Deploy.0 = Release|Any CPU
		{C58DF6D2-72D9-4D6B-B8CD-6EE02127CC22}.Debug|Any CPU.ActiveCfg = Debug|Any CPU
		{C58DF6D2-72D9-4D6B-B8CD-6EE02127CC22}.Debug|Any CPU.Build.0 = Debug|Any CPU
		{C58DF6D2-72D9-4D6B-B8CD-6EE02127CC22}.Release|Any CPU.ActiveCfg = Release|Any CPU
		{C58DF6D2-72D9-4D6B-B8CD-6EE02127CC22}.Release|Any CPU.Build.0 = Release|Any CPU
		{50F21DFC-2CD0-4F3E-B2B5-A7FDFE6AF215}.Debug|Any CPU.ActiveCfg = Debug|Any CPU
		{50F21DFC-2CD0-4F3E-B2B5-A7FDFE6AF215}.Debug|Any CPU.Build.0 = Debug|Any CPU
		{50F21DFC-2CD0-4F3E-B2B5-A7FDFE6AF215}.Release|Any CPU.ActiveCfg = Release|Any CPU
		{50F21DFC-2CD0-4F3E-B2B5-A7FDFE6AF215}.Release|Any CPU.Build.0 = Release|Any CPU
	EndGlobalSection
	GlobalSection(SolutionProperties) = preSolution
		HideSolutionNode = FALSE
	EndGlobalSection
EndGlobal
